
Microsoft Visual Studio Solution File, Format Version 12.00
# Visual Studio Version 16
VisualStudioVersion = 16.0.30804.86
MinimumVisualStudioVersion = 10.0.40219.1
Project("{8BC9CEB8-8B4A-11D0-8D11-00A0C91BC942}") = "Steslos.AllegroClr", "Steslos.AllegroClr\Steslos.AllegroClr.vcxproj", "{5C7997D9-9282-4C9F-9FC0-30DA9E9A53A5}"
EndProject
Project("{FAE04EC0-301F-11D3-BF4B-00C04F79EFBC}") = "Steslos.AllegroClr.Sandbox", "Steslos.AllegroClr.Sandbox\Steslos.AllegroClr.Sandbox.csproj", "{D85A1614-949B-4AC2-9F12-04E4FB4DA507}"
EndProject
Global
	GlobalSection(SolutionConfigurationPlatforms) = preSolution
		Debug|x64 = Debug|x64
		Release|x64 = Release|x64
	EndGlobalSection
	GlobalSection(ProjectConfigurationPlatforms) = postSolution
		{5C7997D9-9282-4C9F-9FC0-30DA9E9A53A5}.Debug|x64.ActiveCfg = Release|x64
		{5C7997D9-9282-4C9F-9FC0-30DA9E9A53A5}.Debug|x64.Build.0 = Release|x64
		{5C7997D9-9282-4C9F-9FC0-30DA9E9A53A5}.Release|x64.ActiveCfg = Release|x64
		{5C7997D9-9282-4C9F-9FC0-30DA9E9A53A5}.Release|x64.Build.0 = Release|x64
		{D85A1614-949B-4AC2-9F12-04E4FB4DA507}.Debug|x64.ActiveCfg = Debug|x64
		{D85A1614-949B-4AC2-9F12-04E4FB4DA507}.Debug|x64.Build.0 = Debug|x64
		{D85A1614-949B-4AC2-9F12-04E4FB4DA507}.Release|x64.ActiveCfg = Release|x64
	EndGlobalSection
	GlobalSection(SolutionProperties) = preSolution
		HideSolutionNode = FALSE
	EndGlobalSection
	GlobalSection(ExtensibilityGlobals) = postSolution
		SolutionGuid = {E0C9D547-B270-48B5-ADF4-2455B05A727C}
	EndGlobalSection
EndGlobal
